
Microsoft Visual Studio Solution File, Format Version 12.00
# Visual Studio Version 17
VisualStudioVersion = 17.6.33829.357
MinimumVisualStudioVersion = 10.0.40219.1
Project("{FAE04EC0-301F-11D3-BF4B-00C04F79EFBC}") = "WindowsFormsApp8", "WindowsFormsApp8\WindowsFormsApp8.csproj", "{4857BE75-46E9-4595-A603-15F430947E06}"
EndProject
Project("{2150E333-8FDC-42A3-9474-1A3956D46DE8}") = "Элементы решения", "Элементы решения", "{0AF69C3A-4689-4AED-8E30-F5777A0FB587}"
	ProjectSection(SolutionItems) = preProject
		..\..\..\Downloads\solrnet.core.1.1.1\.signature.p7s = ..\..\..\Downloads\solrnet.core.1.1.1\.signature.p7s
		..\UFO Invasion\UFO Invasion\bin\Debug\Resources\player12-1.jpg = ..\UFO Invasion\UFO Invasion\bin\Debug\Resources\player12-1.jpg
		..\UFO Invasion\UFO Invasion\bin\Debug\Resources\player12-2.jpg = ..\UFO Invasion\UFO Invasion\bin\Debug\Resources\player12-2.jpg
		..\..\..\Downloads\solrnet.core.1.1.1\SolrNet.Core.nuspec = ..\..\..\Downloads\solrnet.core.1.1.1\SolrNet.Core.nuspec
		..\..\..\Downloads\solrnet.core.1.1.1\lib\netstandard2.0\SolrNet.dll = ..\..\..\Downloads\solrnet.core.1.1.1\lib\netstandard2.0\SolrNet.dll
		..\..\..\Downloads\solrnet.core.1.1.1\lib\netstandard2.0\SolrNet.pdb = ..\..\..\Downloads\solrnet.core.1.1.1\lib\netstandard2.0\SolrNet.pdb
		..\..\..\Downloads\solrnet.core.1.1.1\lib\netstandard2.0\SolrNet.xml = ..\..\..\Downloads\solrnet.core.1.1.1\lib\netstandard2.0\SolrNet.xml
		..\..\..\Downloads\solrnet.core.1.1.1\[Content_Types].xml = ..\..\..\Downloads\solrnet.core.1.1.1\[Content_Types].xml
	EndProjectSection
EndProject
Global
	GlobalSection(SolutionConfigurationPlatforms) = preSolution
		Debug|Any CPU = Debug|Any CPU
		Release|Any CPU = Release|Any CPU
	EndGlobalSection
	GlobalSection(ProjectConfigurationPlatforms) = postSolution
		{4857BE75-46E9-4595-A603-15F430947E06}.Debug|Any CPU.ActiveCfg = Debug|Any CPU
		{4857BE75-46E9-4595-A603-15F430947E06}.Debug|Any CPU.Build.0 = Debug|Any CPU
		{4857BE75-46E9-4595-A603-15F430947E06}.Release|Any CPU.ActiveCfg = Release|Any CPU
		{4857BE75-46E9-4595-A603-15F430947E06}.Release|Any CPU.Build.0 = Release|Any CPU
	EndGlobalSection
	GlobalSection(SolutionProperties) = preSolution
		HideSolutionNode = FALSE
	EndGlobalSection
	GlobalSection(ExtensibilityGlobals) = postSolution
		SolutionGuid = {1097A525-2E6B-422C-A91F-FA0198394DDE}
	EndGlobalSection
EndGlobal
